
Microsoft Visual Studio Solution File, Format Version 12.00
# Visual Studio Version 16
VisualStudioVersion = 16.0.31829.152
MinimumVisualStudioVersion = 10.0.40219.1
Project("{FAE04EC0-301F-11D3-BF4B-00C04F79EFBC}") = "HackerRankChallenges", "HackerRankChallenges.csproj", "{7CCFD067-A20E-4FB7-87FC-DD5B1D119E7B}"
EndProject
Global
	GlobalSection(SolutionConfigurationPlatforms) = preSolution
		Debug|Any CPU = Debug|Any CPU
		Release|Any CPU = Release|Any CPU
	EndGlobalSection
	GlobalSection(ProjectConfigurationPlatforms) = postSolution
		{7CCFD067-A20E-4FB7-87FC-DD5B1D119E7B}.Debug|Any CPU.ActiveCfg = Debug|Any CPU
		{7CCFD067-A20E-4FB7-87FC-DD5B1D119E7B}.Debug|Any CPU.Build.0 = Debug|Any CPU
		{7CCFD067-A20E-4FB7-87FC-DD5B1D119E7B}.Release|Any CPU.ActiveCfg = Release|Any CPU
		{7CCFD067-A20E-4FB7-87FC-DD5B1D119E7B}.Release|Any CPU.Build.0 = Release|Any CPU
	EndGlobalSection
	GlobalSection(SolutionProperties) = preSolution
		HideSolutionNode = FALSE
	EndGlobalSection
	GlobalSection(ExtensibilityGlobals) = postSolution
		SolutionGuid = {49F8D19D-A21D-43B1-91AC-FAB16A91559B}
	EndGlobalSection
EndGlobal
